
Microsoft Visual Studio Solution File, Format Version 12.00
# Visual Studio Version 17
VisualStudioVersion = 17.0.32126.317
MinimumVisualStudioVersion = 10.0.40219.1
Project("{FAE04EC0-301F-11D3-BF4B-00C04F79EFBC}") = "Web-API", "Web-API\Web-API.csproj", "{0B88492E-E539-406D-B99F-7E06E73F47ED}"
EndProject
Project("{FAE04EC0-301F-11D3-BF4B-00C04F79EFBC}") = "BLL", "BLL\BLL.csproj", "{C4F3066F-2595-43DC-A94F-0A37896ACF23}"
EndProject
Project("{FAE04EC0-301F-11D3-BF4B-00C04F79EFBC}") = "DAL", "DAL\DAL.csproj", "{0AE96347-4ADB-4C1D-B29F-45DCC7CCE739}"
EndProject
Global
	GlobalSection(SolutionConfigurationPlatforms) = preSolution
		Debug|Any CPU = Debug|Any CPU
		Release|Any CPU = Release|Any CPU
	EndGlobalSection
	GlobalSection(ProjectConfigurationPlatforms) = postSolution
		{0B88492E-E539-406D-B99F-7E06E73F47ED}.Debug|Any CPU.ActiveCfg = Debug|Any CPU
		{0B88492E-E539-406D-B99F-7E06E73F47ED}.Debug|Any CPU.Build.0 = Debug|Any CPU
		{0B88492E-E539-406D-B99F-7E06E73F47ED}.Release|Any CPU.ActiveCfg = Release|Any CPU
		{0B88492E-E539-406D-B99F-7E06E73F47ED}.Release|Any CPU.Build.0 = Release|Any CPU
		{C4F3066F-2595-43DC-A94F-0A37896ACF23}.Debug|Any CPU.ActiveCfg = Debug|Any CPU
		{C4F3066F-2595-43DC-A94F-0A37896ACF23}.Debug|Any CPU.Build.0 = Debug|Any CPU
		{C4F3066F-2595-43DC-A94F-0A37896ACF23}.Release|Any CPU.ActiveCfg = Release|Any CPU
		{C4F3066F-2595-43DC-A94F-0A37896ACF23}.Release|Any CPU.Build.0 = Release|Any CPU
		{0AE96347-4ADB-4C1D-B29F-45DCC7CCE739}.Debug|Any CPU.ActiveCfg = Debug|Any CPU
		{0AE96347-4ADB-4C1D-B29F-45DCC7CCE739}.Debug|Any CPU.Build.0 = Debug|Any CPU
		{0AE96347-4ADB-4C1D-B29F-45DCC7CCE739}.Release|Any CPU.ActiveCfg = Release|Any CPU
		{0AE96347-4ADB-4C1D-B29F-45DCC7CCE739}.Release|Any CPU.Build.0 = Release|Any CPU
	EndGlobalSection
	GlobalSection(SolutionProperties) = preSolution
		HideSolutionNode = FALSE
	EndGlobalSection
	GlobalSection(ExtensibilityGlobals) = postSolution
		SolutionGuid = {0E2A414C-A632-4A87-83AE-9868B26F5647}
	EndGlobalSection
EndGlobal
